
Microsoft Visual Studio Solution File, Format Version 12.00
# Visual Studio Version 17
VisualStudioVersion = 17.9.34622.214
MinimumVisualStudioVersion = 10.0.40219.1
Project("{FAE04EC0-301F-11D3-BF4B-00C04F79EFBC}") = "ThreeFiveSevenGameUI", "ThreeFiveSevenGame\ThreeFiveSevenGameUI.csproj", "{337A05EE-A7AE-47B5-B4F7-AC478A060E37}"
EndProject
Project("{FAE04EC0-301F-11D3-BF4B-00C04F79EFBC}") = "ThreeFiveSevenGameCore", "ThreeFiveSevenGameCore\ThreeFiveSevenGameCore.csproj", "{66A498D5-0CCF-492F-91E9-953C44EF43CD}"
EndProject
Project("{FAE04EC0-301F-11D3-BF4B-00C04F79EFBC}") = "ThreeFiveSevenGameCoreTests", "ThreeFiveSevenGameCoreTests\ThreeFiveSevenGameCoreTests.csproj", "{617B5977-7D65-4B2A-B228-3ADD8F492FC5}"
EndProject
Global
	GlobalSection(SolutionConfigurationPlatforms) = preSolution
		Debug|Any CPU = Debug|Any CPU
		Release|Any CPU = Release|Any CPU
	EndGlobalSection
	GlobalSection(ProjectConfigurationPlatforms) = postSolution
		{337A05EE-A7AE-47B5-B4F7-AC478A060E37}.Debug|Any CPU.ActiveCfg = Debug|Any CPU
		{337A05EE-A7AE-47B5-B4F7-AC478A060E37}.Debug|Any CPU.Build.0 = Debug|Any CPU
		{337A05EE-A7AE-47B5-B4F7-AC478A060E37}.Release|Any CPU.ActiveCfg = Release|Any CPU
		{337A05EE-A7AE-47B5-B4F7-AC478A060E37}.Release|Any CPU.Build.0 = Release|Any CPU
		{66A498D5-0CCF-492F-91E9-953C44EF43CD}.Debug|Any CPU.ActiveCfg = Debug|Any CPU
		{66A498D5-0CCF-492F-91E9-953C44EF43CD}.Debug|Any CPU.Build.0 = Debug|Any CPU
		{66A498D5-0CCF-492F-91E9-953C44EF43CD}.Release|Any CPU.ActiveCfg = Release|Any CPU
		{66A498D5-0CCF-492F-91E9-953C44EF43CD}.Release|Any CPU.Build.0 = Release|Any CPU
		{617B5977-7D65-4B2A-B228-3ADD8F492FC5}.Debug|Any CPU.ActiveCfg = Debug|Any CPU
		{617B5977-7D65-4B2A-B228-3ADD8F492FC5}.Debug|Any CPU.Build.0 = Debug|Any CPU
		{617B5977-7D65-4B2A-B228-3ADD8F492FC5}.Release|Any CPU.ActiveCfg = Release|Any CPU
		{617B5977-7D65-4B2A-B228-3ADD8F492FC5}.Release|Any CPU.Build.0 = Release|Any CPU
	EndGlobalSection
	GlobalSection(SolutionProperties) = preSolution
		HideSolutionNode = FALSE
	EndGlobalSection
	GlobalSection(ExtensibilityGlobals) = postSolution
		SolutionGuid = {FFB2B52A-C9DF-4C43-B9FD-E829638236DE}
	EndGlobalSection
EndGlobal
